// !$*UTF8*$!
{
	archiveVersion = 1;
	classes = {
	};
	objectVersion = 77;
	objects = {

/* Begin PBXBuildFile section */
		87EAFAE32EA1BBA900ACA57A /* RealityKitContent in Frameworks */ = {isa = PBXBuildFile; productRef = 87EAFAE22EA1BBA900ACA57A /* RealityKitContent */; };
		87EAFB412EA1D92100ACA57A /* UpdateLog.md in Resources */ = {isa = PBXBuildFile; fileRef = 87EAFB3F2EA1D92100ACA57A /* UpdateLog.md */; };
		87EAFB422EA1D92100ACA57A /* ResearchProtocol.md in Resources */ = {isa = PBXBuildFile; fileRef = 87EAFB3D2EA1D92100ACA57A /* ResearchProtocol.md */; };
		87EAFB432EA1D92100ACA57A /* TechnicalSpecs.md in Resources */ = {isa = PBXBuildFile; fileRef = 87EAFB3E2EA1D92100ACA57A /* TechnicalSpecs.md */; };
		87EAFB452EA1D93200ACA57A /* README.md in Resources */ = {isa = PBXBuildFile; fileRef = 87EAFB442EA1D93200ACA57A /* README.md */; };
/* End PBXBuildFile section */

/* Begin PBXFileReference section */
		87EAFADD2EA1BBA900ACA57A /* Spatial-Audio-Research-ARVR.app */ = {isa = PBXFileReference; explicitFileType = wrapper.application; includeInIndex = 0; path = "Spatial-Audio-Research-ARVR.app"; sourceTree = BUILT_PRODUCTS_DIR; };
		87EAFAE12EA1BBA900ACA57A /* RealityKitContent */ = {isa = PBXFileReference; lastKnownFileType = wrapper; path = RealityKitContent; sourceTree = "<group>"; };
		87EAFB3D2EA1D92100ACA57A /* ResearchProtocol.md */ = {isa = PBXFileReference; lastKnownFileType = net.daringfireball.markdown; path = ResearchProtocol.md; sourceTree = "<group>"; };
		87EAFB3E2EA1D92100ACA57A /* TechnicalSpecs.md */ = {isa = PBXFileReference; lastKnownFileType = net.daringfireball.markdown; path = TechnicalSpecs.md; sourceTree = "<group>"; };
		87EAFB3F2EA1D92100ACA57A /* UpdateLog.md */ = {isa = PBXFileReference; lastKnownFileType = net.daringfireball.markdown; path = UpdateLog.md; sourceTree = "<group>"; };
		87EAFB442EA1D93200ACA57A /* README.md */ = {isa = PBXFileReference; lastKnownFileType = net.daringfireball.markdown; path = README.md; sourceTree = "<group>"; };
/* End PBXFileReference section */

/* Begin PBXFileSystemSynchronizedBuildFileExceptionSet section */
		87EAFAED2EA1BBAA00ACA57A /* Exceptions for "Spatial-Audio-Research-ARVR" folder in "Spatial-Audio-Research-ARVR" target */ = {
			isa = PBXFileSystemSynchronizedBuildFileExceptionSet;
			membershipExceptions = (
				Info.plist,
			);
			target = 87EAFADC2EA1BBA900ACA57A /* Spatial-Audio-Research-ARVR */;
		};
/* End PBXFileSystemSynchronizedBuildFileExceptionSet section */

/* Begin PBXFileSystemSynchronizedRootGroup section */
		87EAFADF2EA1BBA900ACA57A /* Spatial-Audio-Research-ARVR */ = {
			isa = PBXFileSystemSynchronizedRootGroup;
			exceptions = (
				87EAFAED2EA1BBAA00ACA57A /* Exceptions for "Spatial-Audio-Research-ARVR" folder in "Spatial-Audio-Research-ARVR" target */,
			);
			path = "Spatial-Audio-Research-ARVR";
			sourceTree = "<group>";
		};
/* End PBXFileSystemSynchronizedRootGroup section */

/* Begin PBXFrameworksBuildPhase section */
		87EAFADA2EA1BBA900ACA57A /* Frameworks */ = {
			isa = PBXFrameworksBuildPhase;
			buildActionMask = 2147483647;
			files = (
				87EAFAE32EA1BBA900ACA57A /* RealityKitContent in Frameworks */,
			);
			runOnlyForDeploymentPostprocessing = 0;
		};
/* End PBXFrameworksBuildPhase section */

/* Begin PBXGroup section */
		87EAFAD42EA1BBA900ACA57A = {
			isa = PBXGroup;
			children = (
				87EAFADF2EA1BBA900ACA57A /* Spatial-Audio-Research-ARVR */,
				87EAFAE02EA1BBA900ACA57A /* Packages */,
				87EAFADE2EA1BBA900ACA57A /* Products */,
				87EAFB402EA1D92100ACA57A /* Documentation */,
				87EAFB442EA1D93200ACA57A /* README.md */,
			);
			sourceTree = "<group>";
		};
		87EAFADE2EA1BBA900ACA57A /* Products */ = {
			isa = PBXGroup;
			children = (
				87EAFADD2EA1BBA900ACA57A /* Spatial-Audio-Research-ARVR.app */,
			);
			name = Products;
			sourceTree = "<group>";
		};
		87EAFAE02EA1BBA900ACA57A /* Packages */ = {
			isa = PBXGroup;
			children = (
				87EAFAE12EA1BBA900ACA57A /* RealityKitContent */,
			);
			path = Packages;
			sourceTree = "<group>";
		};
		87EAFB402EA1D92100ACA57A /* Documentation */ = {
			isa = PBXGroup;
			children = (
				87EAFB3D2EA1D92100ACA57A /* ResearchProtocol.md */,
				87EAFB3E2EA1D92100ACA57A /* TechnicalSpecs.md */,
				87EAFB3F2EA1D92100ACA57A /* UpdateLog.md */,
			);
			path = Documentation;
			sourceTree = "<group>";
		};
/* End PBXGroup section */

/* Begin PBXNativeTarget section */
		87EAFADC2EA1BBA900ACA57A /* Spatial-Audio-Research-ARVR */ = {
			isa = PBXNativeTarget;
			buildConfigurationList = 87EAFAEE2EA1BBAA00ACA57A /* Build configuration list for PBXNativeTarget "Spatial-Audio-Research-ARVR" */;
			buildPhases = (
				87EAFAD92EA1BBA900ACA57A /* Sources */,
				87EAFADA2EA1BBA900ACA57A /* Frameworks */,
				87EAFADB2EA1BBA900ACA57A /* Resources */,
			);
			buildRules = (
			);
			dependencies = (
			);
			fileSystemSynchronizedGroups = (
				87EAFADF2EA1BBA900ACA57A /* Spatial-Audio-Research-ARVR */,
			);
			name = "Spatial-Audio-Research-ARVR";
			packageProductDependencies = (
				87EAFAE22EA1BBA900ACA57A /* RealityKitContent */,
			);
			productName = "Spatial-Audio-Research-ARVR";
			productReference = 87EAFADD2EA1BBA900ACA57A /* Spatial-Audio-Research-ARVR.app */;
			productType = "com.apple.product-type.application";
		};
/* End PBXNativeTarget section */

/* Begin PBXProject section */
		87EAFAD52EA1BBA900ACA57A /* Project object */ = {
			isa = PBXProject;
			attributes = {
				BuildIndependentTargetsInParallel = 1;
				LastSwiftUpdateCheck = 2600;
				LastUpgradeCheck = 2600;
				TargetAttributes = {
					87EAFADC2EA1BBA900ACA57A = {
						CreatedOnToolsVersion = 26.0;
					};
				};
			};
			buildConfigurationList = 87EAFAD82EA1BBA900ACA57A /* Build configuration list for PBXProject "Spatial-Audio-Research-ARVR" */;
			developmentRegion = en;
			hasScannedForEncodings = 0;
			knownRegions = (
				en,
				Base,
			);
			mainGroup = 87EAFAD42EA1BBA900ACA57A;
			minimizedProjectReferenceProxies = 1;
			preferredProjectObjectVersion = 77;
			productRefGroup = 87EAFADE2EA1BBA900ACA57A /* Products */;
			projectDirPath = "";
			projectRoot = "";
			targets = (
				87EAFADC2EA1BBA900ACA57A /* Spatial-Audio-Research-ARVR */,
			);
		};
/* End PBXProject section */

/* Begin PBXResourcesBuildPhase section */
		87EAFADB2EA1BBA900ACA57A /* Resources */ = {
			isa = PBXResourcesBuildPhase;
			buildActionMask = 2147483647;
			files = (
				87EAFB412EA1D92100ACA57A /* UpdateLog.md in Resources */,
				87EAFB422EA1D92100ACA57A /* ResearchProtocol.md in Resources */,
				87EAFB452EA1D93200ACA57A /* README.md in Resources */,
				87EAFB432EA1D92100ACA57A /* TechnicalSpecs.md in Resources */,
			);
			runOnlyForDeploymentPostprocessing = 0;
		};
/* End PBXResourcesBuildPhase section */

/* Begin PBXSourcesBuildPhase section */
		87EAFAD92EA1BBA900ACA57A /* Sources */ = {
			isa = PBXSourcesBuildPhase;
			buildActionMask = 2147483647;
			files = (
			);
			runOnlyForDeploymentPostprocessing = 0;
		};
/* End PBXSourcesBuildPhase section */

/* Begin XCBuildConfiguration section */
		87EAFAEF2EA1BBAA00ACA57A /* Debug */ = {
			isa = XCBuildConfiguration;
			buildSettings = {
				ASSETCATALOG_COMPILER_APPICON_NAME = AppIcon;
				ASSETCATALOG_COMPILER_GLOBAL_ACCENT_COLOR_NAME = AccentColor;
				CODE_SIGN_IDENTITY = "Apple Development";
				CODE_SIGN_STYLE = Automatic;
				CURRENT_PROJECT_VERSION = 1;
				DEVELOPMENT_TEAM = G6Z2B5PF9B;
				ENABLE_PREVIEWS = YES;
				GENERATE_INFOPLIST_FILE = YES;
				INFOPLIST_FILE = "$(TARGET_NAME)/Info.plist";
				INFOPLIST_KEY_NSCameraUsageDescription = "Camera access is required for object detection in our accessibility research study.";
				INFOPLIST_KEY_NSWorldSensingUsageDescription = "World sensing is required to track objects in your environment for spatial audio feedback.";
				LD_RUNPATH_SEARCH_PATHS = (
					"$(inherited)",
					"@executable_path/Frameworks",
				);
				MARKETING_VERSION = 1.0;
				PRODUCT_BUNDLE_IDENTIFIER = arvrresearchwtodddobbs;
				PRODUCT_NAME = "$(TARGET_NAME)";
				PROVISIONING_PROFILE_SPECIFIER = "";
				STRING_CATALOG_GENERATE_SYMBOLS = YES;
				SUPPORTED_PLATFORMS = "xros xrsimulator";
				SWIFT_APPROACHABLE_CONCURRENCY = YES;
				SWIFT_DEFAULT_ACTOR_ISOLATION = MainActor;
				SWIFT_EMIT_LOC_STRINGS = YES;
				SWIFT_UPCOMING_FEATURE_MEMBER_IMPORT_VISIBILITY = YES;
				SWIFT_VERSION = 5.0;
				TARGETED_DEVICE_FAMILY = 7;
			};
			name = Debug;
		};
		87EAFAF02EA1BBAA00ACA57A /* Release */ = {
			isa = XCBuildConfiguration;
			buildSettings = {
				ASSETCATALOG_COMPILER_APPICON_NAME = AppIcon;
				ASSETCATALOG_COMPILER_GLOBAL_ACCENT_COLOR_NAME = AccentColor;
				CODE_SIGN_IDENTITY = "Apple Development";
				CODE_SIGN_STYLE = Automatic;
				CURRENT_PROJECT_VERSION = 1;
				DEVELOPMENT_TEAM = G6Z2B5PF9B;
				ENABLE_PREVIEWS = YES;
				GENERATE_INFOPLIST_FILE = YES;
				INFOPLIST_FILE = "$(TARGET_NAME)/Info.plist";
				INFOPLIST_KEY_NSCameraUsageDescription = "Camera access is required for object detection in our accessibility research study.";
				INFOPLIST_KEY_NSWorldSensingUsageDescription = "World sensing is required to track objects in your environment for spatial audio feedback.";
				LD_RUNPATH_SEARCH_PATHS = (
					"$(inherited)",
					"@executable_path/Frameworks",
				);
				MARKETING_VERSION = 1.0;
				PRODUCT_BUNDLE_IDENTIFIER = arvrresearchwtodddobbs;
				PRODUCT_NAME = "$(TARGET_NAME)";
				PROVISIONING_PROFILE_SPECIFIER = "";
				STRING_CATALOG_GENERATE_SYMBOLS = YES;
				SUPPORTED_PLATFORMS = "xros xrsimulator";
				SWIFT_APPROACHABLE_CONCURRENCY = YES;
				SWIFT_DEFAULT_ACTOR_ISOLATION = MainActor;
				SWIFT_EMIT_LOC_STRINGS = YES;
				SWIFT_UPCOMING_FEATURE_MEMBER_IMPORT_VISIBILITY = YES;
				SWIFT_VERSION = 5.0;
				TARGETED_DEVICE_FAMILY = 7;
			};
			name = Release;
		};
		87EAFAF12EA1BBAA00ACA57A /* Debug */ = {
			isa = XCBuildConfiguration;
			buildSettings = {
				ALWAYS_SEARCH_USER_PATHS = NO;
				ASSETCATALOG_COMPILER_GENERATE_SWIFT_ASSET_SYMBOL_EXTENSIONS = YES;
				CLANG_ANALYZER_NONNULL = YES;
				CLANG_ANALYZER_NUMBER_OBJECT_CONVERSION = YES_AGGRESSIVE;
				CLANG_CXX_LANGUAGE_STANDARD = "gnu++20";
				CLANG_ENABLE_MODULES = YES;
				CLANG_ENABLE_OBJC_ARC = YES;
				CLANG_ENABLE_OBJC_WEAK = YES;
				CLANG_WARN_BLOCK_CAPTURE_AUTORELEASING = YES;
				CLANG_WARN_BOOL_CONVERSION = YES;
				CLANG_WARN_COMMA = YES;
				CLANG_WARN_CONSTANT_CONVERSION = YES;
				CLANG_WARN_DEPRECATED_OBJC_IMPLEMENTATIONS = YES;
				CLANG_WARN_DIRECT_OBJC_ISA_USAGE = YES_ERROR;
				CLANG_WARN_DOCUMENTATION_COMMENTS = YES;
				CLANG_WARN_EMPTY_BODY = YES;
				CLANG_WARN_ENUM_CONVERSION = YES;
				CLANG_WARN_INFINITE_RECURSION = YES;
				CLANG_WARN_INT_CONVERSION = YES;
				CLANG_WARN_NON_LITERAL_NULL_CONVERSION = YES;
				CLANG_WARN_OBJC_IMPLICIT_RETAIN_SELF = YES;
				CLANG_WARN_OBJC_LITERAL_CONVERSION = YES;
				CLANG_WARN_OBJC_ROOT_CLASS = YES_ERROR;
				CLANG_WARN_QUOTED_INCLUDE_IN_FRAMEWORK_HEADER = YES;
				CLANG_WARN_RANGE_LOOP_ANALYSIS = YES;
				CLANG_WARN_STRICT_PROTOTYPES = YES;
				CLANG_WARN_SUSPICIOUS_MOVE = YES;
				CLANG_WARN_UNGUARDED_AVAILABILITY = YES_AGGRESSIVE;
				CLANG_WARN_UNREACHABLE_CODE = YES;
				CLANG_WARN__DUPLICATE_METHOD_MATCH = YES;
				COPY_PHASE_STRIP = NO;
				DEBUG_INFORMATION_FORMAT = dwarf;
				ENABLE_STRICT_OBJC_MSGSEND = YES;
				ENABLE_TESTABILITY = YES;
				ENABLE_USER_SCRIPT_SANDBOXING = YES;
				GCC_C_LANGUAGE_STANDARD = gnu17;
				GCC_DYNAMIC_NO_PIC = NO;
				GCC_NO_COMMON_BLOCKS = YES;
				GCC_OPTIMIZATION_LEVEL = 0;
				GCC_PREPROCESSOR_DEFINITIONS = (
					"DEBUG=1",
					"$(inherited)",
				);
				GCC_WARN_64_TO_32_BIT_CONVERSION = YES;
				GCC_WARN_ABOUT_RETURN_TYPE = YES_ERROR;
				GCC_WARN_UNDECLARED_SELECTOR = YES;
				GCC_WARN_UNINITIALIZED_AUTOS = YES_AGGRESSIVE;
				GCC_WARN_UNUSED_FUNCTION = YES;
				GCC_WARN_UNUSED_VARIABLE = YES;
				LOCALIZATION_PREFERS_STRING_CATALOGS = YES;
				MTL_ENABLE_DEBUG_INFO = INCLUDE_SOURCE;
				MTL_FAST_MATH = YES;
				ONLY_ACTIVE_ARCH = YES;
				SDKROOT = xros;
				SWIFT_ACTIVE_COMPILATION_CONDITIONS = "DEBUG $(inherited)";
				SWIFT_OPTIMIZATION_LEVEL = "-Onone";
				XROS_DEPLOYMENT_TARGET = 26.0;
			};
			name = Debug;
		};
		87EAFAF22EA1BBAA00ACA57A /* Release */ = {
			isa = XCBuildConfiguration;
			buildSettings = {
				ALWAYS_SEARCH_USER_PATHS = NO;
				ASSETCATALOG_COMPILER_GENERATE_SWIFT_ASSET_SYMBOL_EXTENSIONS = YES;
				CLANG_ANALYZER_NONNULL = YES;
				CLANG_ANALYZER_NUMBER_OBJECT_CONVERSION = YES_AGGRESSIVE;
				CLANG_CXX_LANGUAGE_STANDARD = "gnu++20";
				CLANG_ENABLE_MODULES = YES;
				CLANG_ENABLE_OBJC_ARC = YES;
				CLANG_ENABLE_OBJC_WEAK = YES;
				CLANG_WARN_BLOCK_CAPTURE_AUTORELEASING = YES;
				CLANG_WARN_BOOL_CONVERSION = YES;
				CLANG_WARN_COMMA = YES;
				CLANG_WARN_CONSTANT_CONVERSION = YES;
				CLANG_WARN_DEPRECATED_OBJC_IMPLEMENTATIONS = YES;
				CLANG_WARN_DIRECT_OBJC_ISA_USAGE = YES_ERROR;
				CLANG_WARN_DOCUMENTATION_COMMENTS = YES;
				CLANG_WARN_EMPTY_BODY = YES;
				CLANG_WARN_ENUM_CONVERSION = YES;
				CLANG_WARN_INFINITE_RECURSION = YES;
				CLANG_WARN_INT_CONVERSION = YES;
				CLANG_WARN_NON_LITERAL_NULL_CONVERSION = YES;
				CLANG_WARN_OBJC_IMPLICIT_RETAIN_SELF = YES;
				CLANG_WARN_OBJC_LITERAL_CONVERSION = YES;
				CLANG_WARN_OBJC_ROOT_CLASS = YES_ERROR;
				CLANG_WARN_QUOTED_INCLUDE_IN_FRAMEWORK_HEADER = YES;
				CLANG_WARN_RANGE_LOOP_ANALYSIS = YES;
				CLANG_WARN_STRICT_PROTOTYPES = YES;
				CLANG_WARN_SUSPICIOUS_MOVE = YES;
				CLANG_WARN_UNGUARDED_AVAILABILITY = YES_AGGRESSIVE;
				CLANG_WARN_UNREACHABLE_CODE = YES;
				CLANG_WARN__DUPLICATE_METHOD_MATCH = YES;
				COPY_PHASE_STRIP = NO;
				DEBUG_INFORMATION_FORMAT = "dwarf-with-dsym";
				ENABLE_NS_ASSERTIONS = NO;
				ENABLE_STRICT_OBJC_MSGSEND = YES;
				ENABLE_USER_SCRIPT_SANDBOXING = YES;
				GCC_C_LANGUAGE_STANDARD = gnu17;
				GCC_NO_COMMON_BLOCKS = YES;
				GCC_WARN_64_TO_32_BIT_CONVERSION = YES;
				GCC_WARN_ABOUT_RETURN_TYPE = YES_ERROR;
				GCC_WARN_UNDECLARED_SELECTOR = YES;
				GCC_WARN_UNINITIALIZED_AUTOS = YES_AGGRESSIVE;
				GCC_WARN_UNUSED_FUNCTION = YES;
				GCC_WARN_UNUSED_VARIABLE = YES;
				LOCALIZATION_PREFERS_STRING_CATALOGS = YES;
				MTL_ENABLE_DEBUG_INFO = NO;
				MTL_FAST_MATH = YES;
				SDKROOT = xros;
				SWIFT_COMPILATION_MODE = wholemodule;
				VALIDATE_PRODUCT = YES;
				XROS_DEPLOYMENT_TARGET = 26.0;
			};
			name = Release;
		};
/* End XCBuildConfiguration section */

/* Begin XCConfigurationList section */
		87EAFAD82EA1BBA900ACA57A /* Build configuration list for PBXProject "Spatial-Audio-Research-ARVR" */ = {
			isa = XCConfigurationList;
			buildConfigurations = (
				87EAFAF12EA1BBAA00ACA57A /* Debug */,
				87EAFAF22EA1BBAA00ACA57A /* Release */,
			);
			defaultConfigurationIsVisible = 0;
			defaultConfigurationName = Release;
		};
		87EAFAEE2EA1BBAA00ACA57A /* Build configuration list for PBXNativeTarget "Spatial-Audio-Research-ARVR" */ = {
			isa = XCConfigurationList;
			buildConfigurations = (
				87EAFAEF2EA1BBAA00ACA57A /* Debug */,
				87EAFAF02EA1BBAA00ACA57A /* Release */,
			);
			defaultConfigurationIsVisible = 0;
			defaultConfigurationName = Release;
		};
/* End XCConfigurationList section */

/* Begin XCSwiftPackageProductDependency section */
		87EAFAE22EA1BBA900ACA57A /* RealityKitContent */ = {
			isa = XCSwiftPackageProductDependency;
			productName = RealityKitContent;
		};
/* End XCSwiftPackageProductDependency section */
	};
	rootObject = 87EAFAD52EA1BBA900ACA57A /* Project object */;
}
